{
  "version": 4,
  "terraform_version": "1.3.4",
  "serial": 159,
  "lineage": "7472e5bc-d002-5598-f1b0-942aae451258",
  "outputs": {
    "server_ip": {
      "value": [
        "161.35.236.144"
      ],
      "type": [
        "tuple",
        [
          "string"
        ]
      ]
    }
  },
  "resources": [
    {
      "mode": "data",
      "type": "digitalocean_project",
      "name": "lab_project",
      "provider": "provider[\"registry.terraform.io/digitalocean/digitalocean\"]",
      "instances": [
        {
          "schema_version": 0,
          "attributes": {
            "created_at": "2021-11-16T16:55:32Z",
            "description": "Update your project information under Settings",
            "environment": "",
            "id": "3c5cea16-8ea7-4365-b08c-66387ef1d8d1",
            "is_default": true,
            "name": "first-project",
            "owner_id": 10262087,
            "owner_uuid": "f1997266-3a55-458a-aedb-0ab634de0013",
            "purpose": "",
            "resources": [
              "do:droplet:330145753",
              "do:droplet:330145754"
            ],
            "updated_at": "2021-11-16T16:55:32Z"
          },
          "sensitive_attributes": []
        }
      ]
    },
    {
      "mode": "data",
      "type": "digitalocean_ssh_key",
      "name": "ubuntu_ssh",
      "provider": "provider[\"registry.terraform.io/digitalocean/digitalocean\"]",
      "instances": [
        {
          "schema_version": 0,
          "attributes": {
            "fingerprint": "ad:f3:91:51:18:46:6a:98:1f:47:55:ba:19:e1:8c:a0",
            "id": 36610825,
            "name": "ubuntu_ssh",
            "public_key": "ssh-rsa AAAAB3NzaC1yc2EAAAADAQABAAABgQDJa7Ntlx3dlKvdewpRkkvQwfgNB2o7STYt3ADgQCR+4FSzGsv6TohpwAYdnDILHFLipZ8QdI4NCFjw4w5e9HSGLupXI+BGuoyPZzzYscR1qNHD3sGFg8bWFKznqQx1HlDnKyOZ6rhm6ImnDQ1W2neZ38zaeHldfl4fMcqW8uIuxSJkL5FIN2DEmtdreR3l1WnuIC0imwBqSRrLbKG/a78DDs709PGCpP72Pzqk1J16D316KKoTsFjIeaIvq0LzxVFaYQsEjwkjUaP5g/KOF6rVhSIGFUoNEEu66S5QJrrHlRtduWtyNfyJjSnH5cnh5JoimlcFWEmmk/NMOq/WAHRaKlYEPCUJUzjDCetDlP35iQsXdisFE5WogQqkiWq5wV3ebR5EInO+G/AioTJFwQ5xAfo+ZjnWUpnROCGGTPZsgG8jkoiH4kaaGrwp5oHdv8uqwWqLnznAn334/XW/Z0qaxoX7MyScNvD3BtPxa9TIg58pEjSYl5/TY3/OgBPQv98= gurpreet@GSingh"
          },
          "sensitive_attributes": []
        }
      ]
    },
    {
      "mode": "managed",
      "type": "digitalocean_droplet",
      "name": "web",
      "provider": "provider[\"registry.terraform.io/digitalocean/digitalocean\"]",
      "instances": [
        {
          "schema_version": 1,
          "attributes": {
            "backups": false,
            "created_at": "2022-12-08T00:58:25Z",
            "disk": 10,
            "droplet_agent": null,
            "graceful_shutdown": false,
            "id": "330145753",
            "image": "rockylinux-9-x64",
            "ipv4_address": "161.35.236.144",
            "ipv4_address_private": "10.46.40.2",
            "ipv6": false,
            "ipv6_address": "",
            "locked": false,
            "memory": 512,
            "monitoring": false,
            "name": "application-A01201759",
            "price_hourly": 0.00595,
            "price_monthly": 4,
            "private_networking": true,
            "region": "sfo3",
            "resize_disk": true,
            "size": "s-1vcpu-512mb-10gb",
            "ssh_keys": [
              "36610825"
            ],
            "status": "active",
            "tags": [
              "application_A01201759"
            ],
            "timeouts": null,
            "urn": "do:droplet:330145753",
            "user_data": null,
            "vcpus": 1,
            "volume_ids": [],
            "vpc_uuid": "fc49faeb-1787-450e-9977-29b3073d4ea1"
          },
          "sensitive_attributes": [],
          "private": "eyJlMmJmYjczMC1lY2FhLTExZTYtOGY4OC0zNDM2M2JjN2M0YzAiOnsiY3JlYXRlIjozNjAwMDAwMDAwMDAwLCJkZWxldGUiOjYwMDAwMDAwMDAwLCJ1cGRhdGUiOjM2MDAwMDAwMDAwMDB9LCJzY2hlbWFfdmVyc2lvbiI6IjEifQ==",
          "dependencies": [
            "data.digitalocean_ssh_key.ubuntu_ssh",
            "digitalocean_tag.new_tag",
            "digitalocean_vpc.web_vpc"
          ],
          "create_before_destroy": true
        }
      ]
    },
    {
      "mode": "managed",
      "type": "digitalocean_droplet",
      "name": "webnew",
      "provider": "provider[\"registry.terraform.io/digitalocean/digitalocean\"]",
      "instances": [
        {
          "schema_version": 1,
          "attributes": {
            "backups": false,
            "created_at": "2022-12-08T00:58:25Z",
            "disk": 10,
            "droplet_agent": null,
            "graceful_shutdown": false,
            "id": "330145754",
            "image": "rockylinux-9-x64",
            "ipv4_address": "143.198.153.77",
            "ipv4_address_private": "10.46.40.3",
            "ipv6": false,
            "ipv6_address": "",
            "locked": false,
            "memory": 512,
            "monitoring": false,
            "name": "frontend-A01201759",
            "price_hourly": 0.00595,
            "price_monthly": 4,
            "private_networking": true,
            "region": "sfo3",
            "resize_disk": true,
            "size": "s-1vcpu-512mb-10gb",
            "ssh_keys": [
              "36610825"
            ],
            "status": "active",
            "tags": [
              "frontend_A01201759"
            ],
            "timeouts": null,
            "urn": "do:droplet:330145754",
            "user_data": null,
            "vcpus": 1,
            "volume_ids": [],
            "vpc_uuid": "fc49faeb-1787-450e-9977-29b3073d4ea1"
          },
          "sensitive_attributes": [],
          "private": "eyJlMmJmYjczMC1lY2FhLTExZTYtOGY4OC0zNDM2M2JjN2M0YzAiOnsiY3JlYXRlIjozNjAwMDAwMDAwMDAwLCJkZWxldGUiOjYwMDAwMDAwMDAwLCJ1cGRhdGUiOjM2MDAwMDAwMDAwMDB9LCJzY2hlbWFfdmVyc2lvbiI6IjEifQ==",
          "dependencies": [
            "data.digitalocean_ssh_key.ubuntu_ssh",
            "digitalocean_tag.do_tag",
            "digitalocean_vpc.web_vpc"
          ],
          "create_before_destroy": true
        }
      ]
    },
    {
      "mode": "managed",
      "type": "digitalocean_project_resources",
      "name": "project_attach",
      "provider": "provider[\"registry.terraform.io/digitalocean/digitalocean\"]",
      "instances": [
        {
          "schema_version": 0,
          "attributes": {
            "id": "3c5cea16-8ea7-4365-b08c-66387ef1d8d1",
            "project": "3c5cea16-8ea7-4365-b08c-66387ef1d8d1",
            "resources": [
              "do:droplet:330145753"
            ]
          },
          "sensitive_attributes": [],
          "private": "bnVsbA==",
          "dependencies": [
            "data.digitalocean_project.lab_project",
            "data.digitalocean_ssh_key.ubuntu_ssh",
            "digitalocean_droplet.web",
            "digitalocean_tag.new_tag",
            "digitalocean_vpc.web_vpc"
          ]
        }
      ]
    },
    {
      "mode": "managed",
      "type": "digitalocean_tag",
      "name": "do_tag",
      "provider": "provider[\"registry.terraform.io/digitalocean/digitalocean\"]",
      "instances": [
        {
          "schema_version": 0,
          "attributes": {
            "databases_count": 0,
            "droplets_count": 1,
            "id": "frontend_A01201759",
            "images_count": 0,
            "name": "frontend_A01201759",
            "total_resource_count": 1,
            "volume_snapshots_count": 0,
            "volumes_count": 0
          },
          "sensitive_attributes": [],
          "private": "bnVsbA==",
          "create_before_destroy": true
        }
      ]
    },
    {
      "mode": "managed",
      "type": "digitalocean_tag",
      "name": "new_tag",
      "provider": "provider[\"registry.terraform.io/digitalocean/digitalocean\"]",
      "instances": [
        {
          "schema_version": 0,
          "attributes": {
            "databases_count": 0,
            "droplets_count": 1,
            "id": "application_A01201759",
            "images_count": 0,
            "name": "application_A01201759",
            "total_resource_count": 1,
            "volume_snapshots_count": 0,
            "volumes_count": 0
          },
          "sensitive_attributes": [],
          "private": "bnVsbA==",
          "create_before_destroy": true
        }
      ]
    },
    {
      "mode": "managed",
      "type": "digitalocean_vpc",
      "name": "web_vpc",
      "provider": "provider[\"registry.terraform.io/digitalocean/digitalocean\"]",
      "instances": [
        {
          "schema_version": 0,
          "attributes": {
            "created_at": "2022-12-08 00:58:24 +0000 UTC",
            "default": false,
            "description": "",
            "id": "fc49faeb-1787-450e-9977-29b3073d4ea1",
            "ip_range": "10.46.40.0/24",
            "name": "firstproject",
            "region": "sfo3",
            "timeouts": null,
            "urn": "do:vpc:fc49faeb-1787-450e-9977-29b3073d4ea1"
          },
          "sensitive_attributes": [],
          "private": "eyJlMmJmYjczMC1lY2FhLTExZTYtOGY4OC0zNDM2M2JjN2M0YzAiOnsiZGVsZXRlIjoxMjAwMDAwMDAwMDB9fQ==",
          "create_before_destroy": true
        }
      ]
    }
  ],
  "check_results": null
}
